// !$*UTF8*$!
{
	archiveVersion = 1;
	classes = {
	};
	objectVersion = 48;
	objects = {

/* Begin PBXBuildFile section */
		18810607202CDA0B002C82D4 /* AddUserDetail.m in Sources */ = {isa = PBXBuildFile; fileRef = 18810606202CDA0B002C82D4 /* AddUserDetail.m */; };
		1AE53FAE202C2598001B31BE /* AppDelegate.m in Sources */ = {isa = PBXBuildFile; fileRef = 1AE53FAD202C2598001B31BE /* AppDelegate.m */; };
		1AE53FB1202C2598001B31BE /* ViewController.m in Sources */ = {isa = PBXBuildFile; fileRef = 1AE53FB0202C2598001B31BE /* ViewController.m */; };
		1AE53FB4202C2598001B31BE /* Main.storyboard in Resources */ = {isa = PBXBuildFile; fileRef = 1AE53FB2202C2598001B31BE /* Main.storyboard */; };
		1AE53FB7202C2598001B31BE /* CoreDataHandlers.xcdatamodeld in Sources */ = {isa = PBXBuildFile; fileRef = 1AE53FB5202C2598001B31BE /* CoreDataHandlers.xcdatamodeld */; };
		1AE53FB9202C2598001B31BE /* Assets.xcassets in Resources */ = {isa = PBXBuildFile; fileRef = 1AE53FB8202C2598001B31BE /* Assets.xcassets */; };
		1AE53FBC202C2598001B31BE /* LaunchScreen.storyboard in Resources */ = {isa = PBXBuildFile; fileRef = 1AE53FBA202C2598001B31BE /* LaunchScreen.storyboard */; };
		1AE53FBF202C2598001B31BE /* main.m in Sources */ = {isa = PBXBuildFile; fileRef = 1AE53FBE202C2598001B31BE /* main.m */; };
		1AE53FC9202C2598001B31BE /* CoreDataHandlersTests.m in Sources */ = {isa = PBXBuildFile; fileRef = 1AE53FC8202C2598001B31BE /* CoreDataHandlersTests.m */; };
		1AE53FD4202C2598001B31BE /* CoreDataHandlersUITests.m in Sources */ = {isa = PBXBuildFile; fileRef = 1AE53FD3202C2598001B31BE /* CoreDataHandlersUITests.m */; };
		1AE54012202C25EC001B31BE /* AddUserPresenter.m in Sources */ = {isa = PBXBuildFile; fileRef = 1AE53FE5202C25EC001B31BE /* AddUserPresenter.m */; };
		1AE54013202C25EC001B31BE /* AddUserWireframe.m in Sources */ = {isa = PBXBuildFile; fileRef = 1AE53FE8202C25EC001B31BE /* AddUserWireframe.m */; };
		1AE54014202C25EC001B31BE /* AddUserDataHandler.m in Sources */ = {isa = PBXBuildFile; fileRef = 1AE53FEA202C25EC001B31BE /* AddUserDataHandler.m */; };
		1AE54015202C25EC001B31BE /* AddUserInteractor.m in Sources */ = {isa = PBXBuildFile; fileRef = 1AE53FEE202C25EC001B31BE /* AddUserInteractor.m */; };
		1AE54016202C25EC001B31BE /* FetchUserPresenter.m in Sources */ = {isa = PBXBuildFile; fileRef = 1AE53FF2202C25EC001B31BE /* FetchUserPresenter.m */; };
		1AE54017202C25EC001B31BE /* FetchUserWireframe.m in Sources */ = {isa = PBXBuildFile; fileRef = 1AE53FF5202C25EC001B31BE /* FetchUserWireframe.m */; };
		1AE54018202C25EC001B31BE /* FetchUserDataHandler.m in Sources */ = {isa = PBXBuildFile; fileRef = 1AE53FF7202C25EC001B31BE /* FetchUserDataHandler.m */; };
		1AE54019202C25EC001B31BE /* FetchUserInteractor.m in Sources */ = {isa = PBXBuildFile; fileRef = 1AE53FFA202C25EC001B31BE /* FetchUserInteractor.m */; };
		1AE5401A202C25EC001B31BE /* CoreDataHandler.m in Sources */ = {isa = PBXBuildFile; fileRef = 1AE53FFF202C25EC001B31BE /* CoreDataHandler.m */; };
		1AE5401B202C25EC001B31BE /* CoreDataStack_iOS9.m in Sources */ = {isa = PBXBuildFile; fileRef = 1AE54003202C25EC001B31BE /* CoreDataStack_iOS9.m */; };
		1AE5401C202C25EC001B31BE /* CoreDataStack_iOS10.m in Sources */ = {isa = PBXBuildFile; fileRef = 1AE54004202C25EC001B31BE /* CoreDataStack_iOS10.m */; };
		1AE5401D202C25EC001B31BE /* CoreDataStack.m in Sources */ = {isa = PBXBuildFile; fileRef = 1AE54006202C25EC001B31BE /* CoreDataStack.m */; };
		1AE5401E202C25EC001B31BE /* LocalDataHandler.m in Sources */ = {isa = PBXBuildFile; fileRef = 1AE54007202C25EC001B31BE /* LocalDataHandler.m */; };
		1AE5401F202C25EC001B31BE /* ObservableObject.m in Sources */ = {isa = PBXBuildFile; fileRef = 1AE5400A202C25EC001B31BE /* ObservableObject.m */; };
		1AE54020202C25EC001B31BE /* UserModel.m in Sources */ = {isa = PBXBuildFile; fileRef = 1AE5400D202C25EC001B31BE /* UserModel.m */; };
		1AE54021202C25EC001B31BE /* MyTableViewCell.m in Sources */ = {isa = PBXBuildFile; fileRef = 1AE54010202C25EC001B31BE /* MyTableViewCell.m */; };
		1AE5402E202C29A6001B31BE /* User+CoreDataProperties.m in Sources */ = {isa = PBXBuildFile; fileRef = 1AE5402A202C29A6001B31BE /* User+CoreDataProperties.m */; };
		1AE5402F202C29A6001B31BE /* User+CoreDataClass.m in Sources */ = {isa = PBXBuildFile; fileRef = 1AE5402B202C29A6001B31BE /* User+CoreDataClass.m */; };
		1AE54033202C2A13001B31BE /* DataHandler.m in Sources */ = {isa = PBXBuildFile; fileRef = 1AE54032202C2A13001B31BE /* DataHandler.m */; };
		1AE5403F202C387F001B31BE /* RootPresenter.m in Sources */ = {isa = PBXBuildFile; fileRef = 1AE5403E202C387F001B31BE /* RootPresenter.m */; };
		1AE54042202C39A6001B31BE /* RootWireframe.m in Sources */ = {isa = PBXBuildFile; fileRef = 1AE54041202C39A6001B31BE /* RootWireframe.m */; };
		1AE5404A202C3D0A001B31BE /* AppUtils.m in Sources */ = {isa = PBXBuildFile; fileRef = 1AE54049202C3D0A001B31BE /* AppUtils.m */; };
		1AE5404D202C4DDC001B31BE /* RemoteDataHandler.m in Sources */ = {isa = PBXBuildFile; fileRef = 1AE5404C202C4DDC001B31BE /* RemoteDataHandler.m */; };
		1AE54051202C61EB001B31BE /* NSObject_Extension.m in Sources */ = {isa = PBXBuildFile; fileRef = 1AE54050202C61EB001B31BE /* NSObject_Extension.m */; };
		1AE54054202C69DA001B31BE /* FetchUserDetail.m in Sources */ = {isa = PBXBuildFile; fileRef = 1AE54053202C69DA001B31BE /* FetchUserDetail.m */; };
		1AE54057202D4218001B31BE /* FetchUserListUserDetail.m in Sources */ = {isa = PBXBuildFile; fileRef = 1AE54056202D4218001B31BE /* FetchUserListUserDetail.m */; };
/* End PBXBuildFile section */

/* Begin PBXContainerItemProxy section */
		1AE53FC5202C2598001B31BE /* PBXContainerItemProxy */ = {
			isa = PBXContainerItemProxy;
			containerPortal = 1AE53FA1202C2598001B31BE /* Project object */;
			proxyType = 1;
			remoteGlobalIDString = 1AE53FA8202C2598001B31BE;
			remoteInfo = CoreDataHandlers;
		};
		1AE53FD0202C2598001B31BE /* PBXContainerItemProxy */ = {
			isa = PBXContainerItemProxy;
			containerPortal = 1AE53FA1202C2598001B31BE /* Project object */;
			proxyType = 1;
			remoteGlobalIDString = 1AE53FA8202C2598001B31BE;
			remoteInfo = CoreDataHandlers;
		};
/* End PBXContainerItemProxy section */

/* Begin PBXFileReference section */
		18810602202CD8BD002C82D4 /* AddUserProtocols.h */ = {isa = PBXFileReference; lastKnownFileType = sourcecode.c.h; path = AddUserProtocols.h; sourceTree = "<group>"; };
		18810605202CDA0B002C82D4 /* AddUserDetail.h */ = {isa = PBXFileReference; lastKnownFileType = sourcecode.c.h; path = AddUserDetail.h; sourceTree = "<group>"; };
		18810606202CDA0B002C82D4 /* AddUserDetail.m */ = {isa = PBXFileReference; lastKnownFileType = sourcecode.c.objc; path = AddUserDetail.m; sourceTree = "<group>"; };
		1AE53FA9202C2598001B31BE /* CoreDataHandlers.app */ = {isa = PBXFileReference; explicitFileType = wrapper.application; includeInIndex = 0; path = CoreDataHandlers.app; sourceTree = BUILT_PRODUCTS_DIR; };
		1AE53FAC202C2598001B31BE /* AppDelegate.h */ = {isa = PBXFileReference; lastKnownFileType = sourcecode.c.h; path = AppDelegate.h; sourceTree = "<group>"; };
		1AE53FAD202C2598001B31BE /* AppDelegate.m */ = {isa = PBXFileReference; lastKnownFileType = sourcecode.c.objc; path = AppDelegate.m; sourceTree = "<group>"; };
		1AE53FAF202C2598001B31BE /* ViewController.h */ = {isa = PBXFileReference; lastKnownFileType = sourcecode.c.h; path = ViewController.h; sourceTree = "<group>"; };
		1AE53FB0202C2598001B31BE /* ViewController.m */ = {isa = PBXFileReference; lastKnownFileType = sourcecode.c.objc; path = ViewController.m; sourceTree = "<group>"; };
		1AE53FB3202C2598001B31BE /* Base */ = {isa = PBXFileReference; lastKnownFileType = file.storyboard; name = Base; path = Base.lproj/Main.storyboard; sourceTree = "<group>"; };
		1AE53FB6202C2598001B31BE /* CoreDataHandlers.xcdatamodel */ = {isa = PBXFileReference; lastKnownFileType = wrapper.xcdatamodel; path = CoreDataHandlers.xcdatamodel; sourceTree = "<group>"; };
		1AE53FB8202C2598001B31BE /* Assets.xcassets */ = {isa = PBXFileReference; lastKnownFileType = folder.assetcatalog; path = Assets.xcassets; sourceTree = "<group>"; };
		1AE53FBB202C2598001B31BE /* Base */ = {isa = PBXFileReference; lastKnownFileType = file.storyboard; name = Base; path = Base.lproj/LaunchScreen.storyboard; sourceTree = "<group>"; };
		1AE53FBD202C2598001B31BE /* Info.plist */ = {isa = PBXFileReference; lastKnownFileType = text.plist.xml; path = Info.plist; sourceTree = "<group>"; };
		1AE53FBE202C2598001B31BE /* main.m */ = {isa = PBXFileReference; lastKnownFileType = sourcecode.c.objc; path = main.m; sourceTree = "<group>"; };
		1AE53FC4202C2598001B31BE /* CoreDataHandlersTests.xctest */ = {isa = PBXFileReference; explicitFileType = wrapper.cfbundle; includeInIndex = 0; path = CoreDataHandlersTests.xctest; sourceTree = BUILT_PRODUCTS_DIR; };
		1AE53FC8202C2598001B31BE /* CoreDataHandlersTests.m */ = {isa = PBXFileReference; lastKnownFileType = sourcecode.c.objc; path = CoreDataHandlersTests.m; sourceTree = "<group>"; };
		1AE53FCA202C2598001B31BE /* Info.plist */ = {isa = PBXFileReference; lastKnownFileType = text.plist.xml; path = Info.plist; sourceTree = "<group>"; };
		1AE53FCF202C2598001B31BE /* CoreDataHandlersUITests.xctest */ = {isa = PBXFileReference; explicitFileType = wrapper.cfbundle; includeInIndex = 0; path = CoreDataHandlersUITests.xctest; sourceTree = BUILT_PRODUCTS_DIR; };
		1AE53FD3202C2598001B31BE /* CoreDataHandlersUITests.m */ = {isa = PBXFileReference; lastKnownFileType = sourcecode.c.objc; path = CoreDataHandlersUITests.m; sourceTree = "<group>"; };
		1AE53FD5202C2598001B31BE /* Info.plist */ = {isa = PBXFileReference; lastKnownFileType = text.plist.xml; path = Info.plist; sourceTree = "<group>"; };
		1AE53FE4202C25EC001B31BE /* AddUserPresenter.h */ = {isa = PBXFileReference; fileEncoding = 4; lastKnownFileType = sourcecode.c.h; path = AddUserPresenter.h; sourceTree = "<group>"; };
		1AE53FE5202C25EC001B31BE /* AddUserPresenter.m */ = {isa = PBXFileReference; fileEncoding = 4; lastKnownFileType = sourcecode.c.objc; path = AddUserPresenter.m; sourceTree = "<group>"; };
		1AE53FE7202C25EC001B31BE /* AddUserWireframe.h */ = {isa = PBXFileReference; fileEncoding = 4; lastKnownFileType = sourcecode.c.h; path = AddUserWireframe.h; sourceTree = "<group>"; };
		1AE53FE8202C25EC001B31BE /* AddUserWireframe.m */ = {isa = PBXFileReference; fileEncoding = 4; lastKnownFileType = sourcecode.c.objc; path = AddUserWireframe.m; sourceTree = "<group>"; };
		1AE53FEA202C25EC001B31BE /* AddUserDataHandler.m */ = {isa = PBXFileReference; fileEncoding = 4; lastKnownFileType = sourcecode.c.objc; path = AddUserDataHandler.m; sourceTree = "<group>"; };
		1AE53FEB202C25EC001B31BE /* AddUserDataHandler.h */ = {isa = PBXFileReference; fileEncoding = 4; lastKnownFileType = sourcecode.c.h; path = AddUserDataHandler.h; sourceTree = "<group>"; };
		1AE53FED202C25EC001B31BE /* AddUserInteractor.h */ = {isa = PBXFileReference; fileEncoding = 4; lastKnownFileType = sourcecode.c.h; path = AddUserInteractor.h; sourceTree = "<group>"; };
		1AE53FEE202C25EC001B31BE /* AddUserInteractor.m */ = {isa = PBXFileReference; fileEncoding = 4; lastKnownFileType = sourcecode.c.objc; path = AddUserInteractor.m; sourceTree = "<group>"; };
		1AE53FF1202C25EC001B31BE /* FetchUserPresenter.h */ = {isa = PBXFileReference; fileEncoding = 4; lastKnownFileType = sourcecode.c.h; path = FetchUserPresenter.h; sourceTree = "<group>"; };
		1AE53FF2202C25EC001B31BE /* FetchUserPresenter.m */ = {isa = PBXFileReference; fileEncoding = 4; lastKnownFileType = sourcecode.c.objc; path = FetchUserPresenter.m; sourceTree = "<group>"; };
		1AE53FF4202C25EC001B31BE /* FetchUserWireframe.h */ = {isa = PBXFileReference; fileEncoding = 4; lastKnownFileType = sourcecode.c.h; path = FetchUserWireframe.h; sourceTree = "<group>"; };
		1AE53FF5202C25EC001B31BE /* FetchUserWireframe.m */ = {isa = PBXFileReference; fileEncoding = 4; lastKnownFileType = sourcecode.c.objc; path = FetchUserWireframe.m; sourceTree = "<group>"; };
		1AE53FF7202C25EC001B31BE /* FetchUserDataHandler.m */ = {isa = PBXFileReference; fileEncoding = 4; lastKnownFileType = sourcecode.c.objc; path = FetchUserDataHandler.m; sourceTree = "<group>"; };
		1AE53FF8202C25EC001B31BE /* FetchUserDataHandler.h */ = {isa = PBXFileReference; fileEncoding = 4; lastKnownFileType = sourcecode.c.h; path = FetchUserDataHandler.h; sourceTree = "<group>"; };
		1AE53FFA202C25EC001B31BE /* FetchUserInteractor.m */ = {isa = PBXFileReference; fileEncoding = 4; lastKnownFileType = sourcecode.c.objc; path = FetchUserInteractor.m; sourceTree = "<group>"; };
		1AE53FFB202C25EC001B31BE /* FetchUserInteractor.h */ = {isa = PBXFileReference; fileEncoding = 4; lastKnownFileType = sourcecode.c.h; path = FetchUserInteractor.h; sourceTree = "<group>"; };
		1AE53FFD202C25EC001B31BE /* LocalDataHandler.h */ = {isa = PBXFileReference; fileEncoding = 4; lastKnownFileType = sourcecode.c.h; path = LocalDataHandler.h; sourceTree = "<group>"; };
		1AE53FFF202C25EC001B31BE /* CoreDataHandler.m */ = {isa = PBXFileReference; fileEncoding = 4; lastKnownFileType = sourcecode.c.objc; path = CoreDataHandler.m; sourceTree = "<group>"; };
		1AE54000202C25EC001B31BE /* CoreDataStack_iOS10.h */ = {isa = PBXFileReference; fileEncoding = 4; lastKnownFileType = sourcecode.c.h; path = CoreDataStack_iOS10.h; sourceTree = "<group>"; };
		1AE54001202C25EC001B31BE /* CoreDataStack_iOS9.h */ = {isa = PBXFileReference; fileEncoding = 4; lastKnownFileType = sourcecode.c.h; path = CoreDataStack_iOS9.h; sourceTree = "<group>"; };
		1AE54002202C25EC001B31BE /* CoreDataStack.h */ = {isa = PBXFileReference; fileEncoding = 4; lastKnownFileType = sourcecode.c.h; path = CoreDataStack.h; sourceTree = "<group>"; };
		1AE54003202C25EC001B31BE /* CoreDataStack_iOS9.m */ = {isa = PBXFileReference; fileEncoding = 4; lastKnownFileType = sourcecode.c.objc; path = CoreDataStack_iOS9.m; sourceTree = "<group>"; };
		1AE54004202C25EC001B31BE /* CoreDataStack_iOS10.m */ = {isa = PBXFileReference; fileEncoding = 4; lastKnownFileType = sourcecode.c.objc; path = CoreDataStack_iOS10.m; sourceTree = "<group>"; };
		1AE54005202C25EC001B31BE /* CoreDataHandler.h */ = {isa = PBXFileReference; fileEncoding = 4; lastKnownFileType = sourcecode.c.h; path = CoreDataHandler.h; sourceTree = "<group>"; };
		1AE54006202C25EC001B31BE /* CoreDataStack.m */ = {isa = PBXFileReference; fileEncoding = 4; lastKnownFileType = sourcecode.c.objc; path = CoreDataStack.m; sourceTree = "<group>"; };
		1AE54007202C25EC001B31BE /* LocalDataHandler.m */ = {isa = PBXFileReference; fileEncoding = 4; lastKnownFileType = sourcecode.c.objc; path = LocalDataHandler.m; sourceTree = "<group>"; };
		1AE5400A202C25EC001B31BE /* ObservableObject.m */ = {isa = PBXFileReference; fileEncoding = 4; lastKnownFileType = sourcecode.c.objc; path = ObservableObject.m; sourceTree = "<group>"; };
		1AE5400B202C25EC001B31BE /* ObservableObject+Private.h */ = {isa = PBXFileReference; fileEncoding = 4; lastKnownFileType = sourcecode.c.h; path = "ObservableObject+Private.h"; sourceTree = "<group>"; };
		1AE5400C202C25EC001B31BE /* ObservableObject.h */ = {isa = PBXFileReference; fileEncoding = 4; lastKnownFileType = sourcecode.c.h; path = ObservableObject.h; sourceTree = "<group>"; };
		1AE5400D202C25EC001B31BE /* UserModel.m */ = {isa = PBXFileReference; fileEncoding = 4; lastKnownFileType = sourcecode.c.objc; path = UserModel.m; sourceTree = "<group>"; };
		1AE5400E202C25EC001B31BE /* UserModel.h */ = {isa = PBXFileReference; fileEncoding = 4; lastKnownFileType = sourcecode.c.h; path = UserModel.h; sourceTree = "<group>"; };
		1AE54010202C25EC001B31BE /* MyTableViewCell.m */ = {isa = PBXFileReference; fileEncoding = 4; lastKnownFileType = sourcecode.c.objc; path = MyTableViewCell.m; sourceTree = "<group>"; };
		1AE54011202C25EC001B31BE /* MyTableViewCell.h */ = {isa = PBXFileReference; fileEncoding = 4; lastKnownFileType = sourcecode.c.h; path = MyTableViewCell.h; sourceTree = "<group>"; };
		1AE5402A202C29A6001B31BE /* User+CoreDataProperties.m */ = {isa = PBXFileReference; fileEncoding = 4; lastKnownFileType = sourcecode.c.objc; path = "User+CoreDataProperties.m"; sourceTree = "<group>"; };
		1AE5402B202C29A6001B31BE /* User+CoreDataClass.m */ = {isa = PBXFileReference; fileEncoding = 4; lastKnownFileType = sourcecode.c.objc; path = "User+CoreDataClass.m"; sourceTree = "<group>"; };
		1AE5402C202C29A6001B31BE /* User+CoreDataClass.h */ = {isa = PBXFileReference; fileEncoding = 4; lastKnownFileType = sourcecode.c.h; path = "User+CoreDataClass.h"; sourceTree = "<group>"; };
		1AE5402D202C29A6001B31BE /* User+CoreDataProperties.h */ = {isa = PBXFileReference; fileEncoding = 4; lastKnownFileType = sourcecode.c.h; path = "User+CoreDataProperties.h"; sourceTree = "<group>"; };
		1AE54031202C2A13001B31BE /* DataHandler.h */ = {isa = PBXFileReference; lastKnownFileType = sourcecode.c.h; path = DataHandler.h; sourceTree = "<group>"; };
		1AE54032202C2A13001B31BE /* DataHandler.m */ = {isa = PBXFileReference; lastKnownFileType = sourcecode.c.objc; path = DataHandler.m; sourceTree = "<group>"; };
		1AE54039202C361B001B31BE /* FetchUserProtocols.h */ = {isa = PBXFileReference; lastKnownFileType = sourcecode.c.h; path = FetchUserProtocols.h; sourceTree = "<group>"; };
		1AE5403D202C387F001B31BE /* RootPresenter.h */ = {isa = PBXFileReference; lastKnownFileType = sourcecode.c.h; path = RootPresenter.h; sourceTree = "<group>"; };
		1AE5403E202C387F001B31BE /* RootPresenter.m */ = {isa = PBXFileReference; lastKnownFileType = sourcecode.c.objc; path = RootPresenter.m; sourceTree = "<group>"; };
		1AE54040202C39A6001B31BE /* RootWireframe.h */ = {isa = PBXFileReference; lastKnownFileType = sourcecode.c.h; path = RootWireframe.h; sourceTree = "<group>"; };
		1AE54041202C39A6001B31BE /* RootWireframe.m */ = {isa = PBXFileReference; lastKnownFileType = sourcecode.c.objc; path = RootWireframe.m; sourceTree = "<group>"; };
		1AE54043202C3A84001B31BE /* RootProtocols.h */ = {isa = PBXFileReference; lastKnownFileType = sourcecode.c.h; path = RootProtocols.h; sourceTree = "<group>"; };
		1AE54048202C3D0A001B31BE /* AppUtils.h */ = {isa = PBXFileReference; lastKnownFileType = sourcecode.c.h; path = AppUtils.h; sourceTree = "<group>"; };
		1AE54049202C3D0A001B31BE /* AppUtils.m */ = {isa = PBXFileReference; lastKnownFileType = sourcecode.c.objc; path = AppUtils.m; sourceTree = "<group>"; };
		1AE5404B202C4DDC001B31BE /* RemoteDataHandler.h */ = {isa = PBXFileReference; lastKnownFileType = sourcecode.c.h; path = RemoteDataHandler.h; sourceTree = "<group>"; };
		1AE5404C202C4DDC001B31BE /* RemoteDataHandler.m */ = {isa = PBXFileReference; lastKnownFileType = sourcecode.c.objc; path = RemoteDataHandler.m; sourceTree = "<group>"; };
		1AE5404F202C61EB001B31BE /* NSObject_Extension.h */ = {isa = PBXFileReference; lastKnownFileType = sourcecode.c.h; path = NSObject_Extension.h; sourceTree = "<group>"; };
		1AE54050202C61EB001B31BE /* NSObject_Extension.m */ = {isa = PBXFileReference; lastKnownFileType = sourcecode.c.objc; path = NSObject_Extension.m; sourceTree = "<group>"; };
		1AE54052202C69DA001B31BE /* FetchUserDetail.h */ = {isa = PBXFileReference; lastKnownFileType = sourcecode.c.h; path = FetchUserDetail.h; sourceTree = "<group>"; };
		1AE54053202C69DA001B31BE /* FetchUserDetail.m */ = {isa = PBXFileReference; lastKnownFileType = sourcecode.c.objc; path = FetchUserDetail.m; sourceTree = "<group>"; };
		1AE54055202D4218001B31BE /* FetchUserListUserDetail.h */ = {isa = PBXFileReference; lastKnownFileType = sourcecode.c.h; path = FetchUserListUserDetail.h; sourceTree = "<group>"; };
		1AE54056202D4218001B31BE /* FetchUserListUserDetail.m */ = {isa = PBXFileReference; lastKnownFileType = sourcecode.c.objc; path = FetchUserListUserDetail.m; sourceTree = "<group>"; };
/* End PBXFileReference section */

/* Begin PBXFrameworksBuildPhase section */
		1AE53FA6202C2598001B31BE /* Frameworks */ = {
			isa = PBXFrameworksBuildPhase;
			buildActionMask = 2147483647;
			files = (
			);
			runOnlyForDeploymentPostprocessing = 0;
		};
		1AE53FC1202C2598001B31BE /* Frameworks */ = {
			isa = PBXFrameworksBuildPhase;
			buildActionMask = 2147483647;
			files = (
			);
			runOnlyForDeploymentPostprocessing = 0;
		};
		1AE53FCC202C2598001B31BE /* Frameworks */ = {
			isa = PBXFrameworksBuildPhase;
			buildActionMask = 2147483647;
			files = (
			);
			runOnlyForDeploymentPostprocessing = 0;
		};
/* End PBXFrameworksBuildPhase section */

/* Begin PBXGroup section */
		188105FE202CC1C3002C82D4 /* UserModel */ = {
			isa = PBXGroup;
			children = (
				1AE5400E202C25EC001B31BE /* UserModel.h */,
				1AE5400D202C25EC001B31BE /* UserModel.m */,
			);
			path = UserModel;
			sourceTree = "<group>";
		};
		1AE53FA0202C2598001B31BE = {
			isa = PBXGroup;
			children = (
				1AE53FAB202C2598001B31BE /* CoreDataHandlers */,
				1AE53FC7202C2598001B31BE /* CoreDataHandlersTests */,
				1AE53FD2202C2598001B31BE /* CoreDataHandlersUITests */,
				1AE53FAA202C2598001B31BE /* Products */,
			);
			sourceTree = "<group>";
		};
		1AE53FAA202C2598001B31BE /* Products */ = {
			isa = PBXGroup;
			children = (
				1AE53FA9202C2598001B31BE /* CoreDataHandlers.app */,
				1AE53FC4202C2598001B31BE /* CoreDataHandlersTests.xctest */,
				1AE53FCF202C2598001B31BE /* CoreDataHandlersUITests.xctest */,
			);
			name = Products;
			sourceTree = "<group>";
		};
		1AE53FAB202C2598001B31BE /* CoreDataHandlers */ = {
			isa = PBXGroup;
			children = (
				1AE5404E202C61D5001B31BE /* Extension */,
				1AE54047202C3CF2001B31BE /* Utils */,
				1AE54030202C29F1001B31BE /* DataHandler */,
				1AE54008202C25EC001B31BE /* Model */,
				1AE53FE1202C25EC001B31BE /* Module */,
				1AE5400F202C25EC001B31BE /* View */,
				1AE54034202C2ACB001B31BE /* ViewController */,
				1AE53FAC202C2598001B31BE /* AppDelegate.h */,
				1AE53FAD202C2598001B31BE /* AppDelegate.m */,
				1AE53FB2202C2598001B31BE /* Main.storyboard */,
				1AE53FB8202C2598001B31BE /* Assets.xcassets */,
				1AE53FBA202C2598001B31BE /* LaunchScreen.storyboard */,
				1AE53FBD202C2598001B31BE /* Info.plist */,
				1AE53FBE202C2598001B31BE /* main.m */,
				1AE53FB5202C2598001B31BE /* CoreDataHandlers.xcdatamodeld */,
			);
			path = CoreDataHandlers;
			sourceTree = "<group>";
		};
		1AE53FC7202C2598001B31BE /* CoreDataHandlersTests */ = {
			isa = PBXGroup;
			children = (
				1AE53FC8202C2598001B31BE /* CoreDataHandlersTests.m */,
				1AE53FCA202C2598001B31BE /* Info.plist */,
			);
			path = CoreDataHandlersTests;
			sourceTree = "<group>";
		};
		1AE53FD2202C2598001B31BE /* CoreDataHandlersUITests */ = {
			isa = PBXGroup;
			children = (
				1AE53FD3202C2598001B31BE /* CoreDataHandlersUITests.m */,
				1AE53FD5202C2598001B31BE /* Info.plist */,
			);
			path = CoreDataHandlersUITests;
			sourceTree = "<group>";
		};
		1AE53FE1202C25EC001B31BE /* Module */ = {
			isa = PBXGroup;
			children = (
				1AE5403C202C3873001B31BE /* Root */,
				1AE53FE2202C25EC001B31BE /* AddUser */,
				1AE53FEF202C25EC001B31BE /* FetchUser */,
			);
			path = Module;
			sourceTree = "<group>";
		};
		1AE53FE2202C25EC001B31BE /* AddUser */ = {
			isa = PBXGroup;
			children = (
				18810602202CD8BD002C82D4 /* AddUserProtocols.h */,
				1AE53FE3202C25EC001B31BE /* Presenter */,
				1AE53FE6202C25EC001B31BE /* Wireframe */,
				1AE53FE9202C25EC001B31BE /* DataHandler */,
				1AE53FEC202C25EC001B31BE /* Interactor */,
			);
			path = AddUser;
			sourceTree = "<group>";
		};
		1AE53FE3202C25EC001B31BE /* Presenter */ = {
			isa = PBXGroup;
			children = (
				1AE53FE4202C25EC001B31BE /* AddUserPresenter.h */,
				1AE53FE5202C25EC001B31BE /* AddUserPresenter.m */,
			);
			path = Presenter;
			sourceTree = "<group>";
		};
		1AE53FE6202C25EC001B31BE /* Wireframe */ = {
			isa = PBXGroup;
			children = (
				1AE53FE7202C25EC001B31BE /* AddUserWireframe.h */,
				1AE53FE8202C25EC001B31BE /* AddUserWireframe.m */,
			);
			path = Wireframe;
			sourceTree = "<group>";
		};
		1AE53FE9202C25EC001B31BE /* DataHandler */ = {
			isa = PBXGroup;
			children = (
				1AE53FEB202C25EC001B31BE /* AddUserDataHandler.h */,
				1AE53FEA202C25EC001B31BE /* AddUserDataHandler.m */,
				18810605202CDA0B002C82D4 /* AddUserDetail.h */,
				18810606202CDA0B002C82D4 /* AddUserDetail.m */,
			);
			path = DataHandler;
			sourceTree = "<group>";
		};
		1AE53FEC202C25EC001B31BE /* Interactor */ = {
			isa = PBXGroup;
			children = (
				1AE53FED202C25EC001B31BE /* AddUserInteractor.h */,
				1AE53FEE202C25EC001B31BE /* AddUserInteractor.m */,
			);
			path = Interactor;
			sourceTree = "<group>";
		};
		1AE53FEF202C25EC001B31BE /* FetchUser */ = {
			isa = PBXGroup;
			children = (
				1AE54039202C361B001B31BE /* FetchUserProtocols.h */,
				1AE53FF6202C25EC001B31BE /* DataHandler */,
				1AE53FF0202C25EC001B31BE /* Presenter */,
				1AE53FF3202C25EC001B31BE /* Wireframe */,
				1AE53FF9202C25EC001B31BE /* Interactor */,
			);
			path = FetchUser;
			sourceTree = "<group>";
		};
		1AE53FF0202C25EC001B31BE /* Presenter */ = {
			isa = PBXGroup;
			children = (
				1AE53FF1202C25EC001B31BE /* FetchUserPresenter.h */,
				1AE53FF2202C25EC001B31BE /* FetchUserPresenter.m */,
			);
			path = Presenter;
			sourceTree = "<group>";
		};
		1AE53FF3202C25EC001B31BE /* Wireframe */ = {
			isa = PBXGroup;
			children = (
				1AE53FF4202C25EC001B31BE /* FetchUserWireframe.h */,
				1AE53FF5202C25EC001B31BE /* FetchUserWireframe.m */,
			);
			path = Wireframe;
			sourceTree = "<group>";
		};
		1AE53FF6202C25EC001B31BE /* DataHandler */ = {
			isa = PBXGroup;
			children = (
				1AE53FF8202C25EC001B31BE /* FetchUserDataHandler.h */,
				1AE53FF7202C25EC001B31BE /* FetchUserDataHandler.m */,
				1AE54052202C69DA001B31BE /* FetchUserDetail.h */,
				1AE54053202C69DA001B31BE /* FetchUserDetail.m */,
				1AE54055202D4218001B31BE /* FetchUserListUserDetail.h */,
				1AE54056202D4218001B31BE /* FetchUserListUserDetail.m */,
			);
			path = DataHandler;
			sourceTree = "<group>";
		};
		1AE53FF9202C25EC001B31BE /* Interactor */ = {
			isa = PBXGroup;
			children = (
				1AE53FFB202C25EC001B31BE /* FetchUserInteractor.h */,
				1AE53FFA202C25EC001B31BE /* FetchUserInteractor.m */,
			);
			path = Interactor;
			sourceTree = "<group>";
		};
		1AE53FFC202C25EC001B31BE /* LocalDataHandler */ = {
			isa = PBXGroup;
			children = (
				1AE5404B202C4DDC001B31BE /* RemoteDataHandler.h */,
				1AE5404C202C4DDC001B31BE /* RemoteDataHandler.m */,
				1AE53FFD202C25EC001B31BE /* LocalDataHandler.h */,
				1AE54007202C25EC001B31BE /* LocalDataHandler.m */,
				1AE53FFE202C25EC001B31BE /* CoreData */,
			);
			path = LocalDataHandler;
			sourceTree = "<group>";
		};
		1AE53FFE202C25EC001B31BE /* CoreData */ = {
			isa = PBXGroup;
			children = (
				1AE54005202C25EC001B31BE /* CoreDataHandler.h */,
				1AE53FFF202C25EC001B31BE /* CoreDataHandler.m */,
				1AE54002202C25EC001B31BE /* CoreDataStack.h */,
				1AE54006202C25EC001B31BE /* CoreDataStack.m */,
				1AE54000202C25EC001B31BE /* CoreDataStack_iOS10.h */,
				1AE54004202C25EC001B31BE /* CoreDataStack_iOS10.m */,
				1AE54001202C25EC001B31BE /* CoreDataStack_iOS9.h */,
				1AE54003202C25EC001B31BE /* CoreDataStack_iOS9.m */,
			);
			path = CoreData;
			sourceTree = "<group>";
		};
		1AE54008202C25EC001B31BE /* Model */ = {
			isa = PBXGroup;
			children = (
				188105FE202CC1C3002C82D4 /* UserModel */,
				1AE54028202C29A6001B31BE /* CoreDataEntity */,
				1AE54009202C25EC001B31BE /* ObservableBase */,
			);
			path = Model;
			sourceTree = "<group>";
		};
		1AE54009202C25EC001B31BE /* ObservableBase */ = {
			isa = PBXGroup;
			children = (
				1AE5400B202C25EC001B31BE /* ObservableObject+Private.h */,
				1AE5400C202C25EC001B31BE /* ObservableObject.h */,
				1AE5400A202C25EC001B31BE /* ObservableObject.m */,
			);
			path = ObservableBase;
			sourceTree = "<group>";
		};
		1AE5400F202C25EC001B31BE /* View */ = {
			isa = PBXGroup;
			children = (
				1AE54011202C25EC001B31BE /* MyTableViewCell.h */,
				1AE54010202C25EC001B31BE /* MyTableViewCell.m */,
			);
			path = View;
			sourceTree = "<group>";
		};
		1AE54028202C29A6001B31BE /* CoreDataEntity */ = {
			isa = PBXGroup;
			children = (
				1AE54029202C29A6001B31BE /* User */,
			);
			path = CoreDataEntity;
			sourceTree = "<group>";
		};
		1AE54029202C29A6001B31BE /* User */ = {
			isa = PBXGroup;
			children = (
				1AE5402D202C29A6001B31BE /* User+CoreDataProperties.h */,
				1AE5402A202C29A6001B31BE /* User+CoreDataProperties.m */,
				1AE5402C202C29A6001B31BE /* User+CoreDataClass.h */,
				1AE5402B202C29A6001B31BE /* User+CoreDataClass.m */,
			);
			path = User;
			sourceTree = "<group>";
		};
		1AE54030202C29F1001B31BE /* DataHandler */ = {
			isa = PBXGroup;
			children = (
				1AE54031202C2A13001B31BE /* DataHandler.h */,
				1AE54032202C2A13001B31BE /* DataHandler.m */,
				1AE53FFC202C25EC001B31BE /* LocalDataHandler */,
			);
			path = DataHandler;
			sourceTree = "<group>";
		};
		1AE54034202C2ACB001B31BE /* ViewController */ = {
			isa = PBXGroup;
			children = (
				1AE53FAF202C2598001B31BE /* ViewController.h */,
				1AE53FB0202C2598001B31BE /* ViewController.m */,
			);
			path = ViewController;
			sourceTree = "<group>";
		};
		1AE5403C202C3873001B31BE /* Root */ = {
			isa = PBXGroup;
			children = (
				1AE54043202C3A84001B31BE /* RootProtocols.h */,
				1AE5403D202C387F001B31BE /* RootPresenter.h */,
				1AE5403E202C387F001B31BE /* RootPresenter.m */,
				1AE54040202C39A6001B31BE /* RootWireframe.h */,
				1AE54041202C39A6001B31BE /* RootWireframe.m */,
			);
			path = Root;
			sourceTree = "<group>";
		};
		1AE54047202C3CF2001B31BE /* Utils */ = {
			isa = PBXGroup;
			children = (
				1AE54048202C3D0A001B31BE /* AppUtils.h */,
				1AE54049202C3D0A001B31BE /* AppUtils.m */,
			);
			path = Utils;
			sourceTree = "<group>";
		};
		1AE5404E202C61D5001B31BE /* Extension */ = {
			isa = PBXGroup;
			children = (
				1AE5404F202C61EB001B31BE /* NSObject_Extension.h */,
				1AE54050202C61EB001B31BE /* NSObject_Extension.m */,
			);
			path = Extension;
			sourceTree = "<group>";
		};
/* End PBXGroup section */

/* Begin PBXNativeTarget section */
		1AE53FA8202C2598001B31BE /* CoreDataHandlers */ = {
			isa = PBXNativeTarget;
			buildConfigurationList = 1AE53FD8202C2598001B31BE /* Build configuration list for PBXNativeTarget "CoreDataHandlers" */;
			buildPhases = (
				1AE53FA5202C2598001B31BE /* Sources */,
				1AE53FA6202C2598001B31BE /* Frameworks */,
				1AE53FA7202C2598001B31BE /* Resources */,
			);
			buildRules = (
			);
			dependencies = (
			);
			name = CoreDataHandlers;
			productName = CoreDataHandlers;
			productReference = 1AE53FA9202C2598001B31BE /* CoreDataHandlers.app */;
			productType = "com.apple.product-type.application";
		};
		1AE53FC3202C2598001B31BE /* CoreDataHandlersTests */ = {
			isa = PBXNativeTarget;
			buildConfigurationList = 1AE53FDB202C2598001B31BE /* Build configuration list for PBXNativeTarget "CoreDataHandlersTests" */;
			buildPhases = (
				1AE53FC0202C2598001B31BE /* Sources */,
				1AE53FC1202C2598001B31BE /* Frameworks */,
				1AE53FC2202C2598001B31BE /* Resources */,
			);
			buildRules = (
			);
			dependencies = (
				1AE53FC6202C2598001B31BE /* PBXTargetDependency */,
			);
			name = CoreDataHandlersTests;
			productName = CoreDataHandlersTests;
			productReference = 1AE53FC4202C2598001B31BE /* CoreDataHandlersTests.xctest */;
			productType = "com.apple.product-type.bundle.unit-test";
		};
		1AE53FCE202C2598001B31BE /* CoreDataHandlersUITests */ = {
			isa = PBXNativeTarget;
			buildConfigurationList = 1AE53FDE202C2598001B31BE /* Build configuration list for PBXNativeTarget "CoreDataHandlersUITests" */;
			buildPhases = (
				1AE53FCB202C2598001B31BE /* Sources */,
				1AE53FCC202C2598001B31BE /* Frameworks */,
				1AE53FCD202C2598001B31BE /* Resources */,
			);
			buildRules = (
			);
			dependencies = (
				1AE53FD1202C2598001B31BE /* PBXTargetDependency */,
			);
			name = CoreDataHandlersUITests;
			productName = CoreDataHandlersUITests;
			productReference = 1AE53FCF202C2598001B31BE /* CoreDataHandlersUITests.xctest */;
			productType = "com.apple.product-type.bundle.ui-testing";
		};
/* End PBXNativeTarget section */

/* Begin PBXProject section */
		1AE53FA1202C2598001B31BE /* Project object */ = {
			isa = PBXProject;
			attributes = {
				LastUpgradeCheck = 0920;
				ORGANIZATIONNAME = "Tung Nguyen";
				TargetAttributes = {
					1AE53FA8202C2598001B31BE = {
						CreatedOnToolsVersion = 9.2;
						ProvisioningStyle = Automatic;
					};
					1AE53FC3202C2598001B31BE = {
						CreatedOnToolsVersion = 9.2;
						ProvisioningStyle = Automatic;
						TestTargetID = 1AE53FA8202C2598001B31BE;
					};
					1AE53FCE202C2598001B31BE = {
						CreatedOnToolsVersion = 9.2;
						ProvisioningStyle = Automatic;
						TestTargetID = 1AE53FA8202C2598001B31BE;
					};
				};
			};
			buildConfigurationList = 1AE53FA4202C2598001B31BE /* Build configuration list for PBXProject "CoreDataHandlers" */;
			compatibilityVersion = "Xcode 8.0";
			developmentRegion = en;
			hasScannedForEncodings = 0;
			knownRegions = (
				en,
				Base,
			);
			mainGroup = 1AE53FA0202C2598001B31BE;
			productRefGroup = 1AE53FAA202C2598001B31BE /* Products */;
			projectDirPath = "";
			projectRoot = "";
			targets = (
				1AE53FA8202C2598001B31BE /* CoreDataHandlers */,
				1AE53FC3202C2598001B31BE /* CoreDataHandlersTests */,
				1AE53FCE202C2598001B31BE /* CoreDataHandlersUITests */,
			);
		};
/* End PBXProject section */

/* Begin PBXResourcesBuildPhase section */
		1AE53FA7202C2598001B31BE /* Resources */ = {
			isa = PBXResourcesBuildPhase;
			buildActionMask = 2147483647;
			files = (
				1AE53FBC202C2598001B31BE /* LaunchScreen.storyboard in Resources */,
				1AE53FB9202C2598001B31BE /* Assets.xcassets in Resources */,
				1AE53FB4202C2598001B31BE /* Main.storyboard in Resources */,
			);
			runOnlyForDeploymentPostprocessing = 0;
		};
		1AE53FC2202C2598001B31BE /* Resources */ = {
			isa = PBXResourcesBuildPhase;
			buildActionMask = 2147483647;
			files = (
			);
			runOnlyForDeploymentPostprocessing = 0;
		};
		1AE53FCD202C2598001B31BE /* Resources */ = {
			isa = PBXResourcesBuildPhase;
			buildActionMask = 2147483647;
			files = (
			);
			runOnlyForDeploymentPostprocessing = 0;
		};
/* End PBXResourcesBuildPhase section */

/* Begin PBXSourcesBuildPhase section */
		1AE53FA5202C2598001B31BE /* Sources */ = {
			isa = PBXSourcesBuildPhase;
			buildActionMask = 2147483647;
			files = (
				1AE5401A202C25EC001B31BE /* CoreDataHandler.m in Sources */,
				1AE54018202C25EC001B31BE /* FetchUserDataHandler.m in Sources */,
				1AE54042202C39A6001B31BE /* RootWireframe.m in Sources */,
				1AE54014202C25EC001B31BE /* AddUserDataHandler.m in Sources */,
				1AE5402E202C29A6001B31BE /* User+CoreDataProperties.m in Sources */,
				18810607202CDA0B002C82D4 /* AddUserDetail.m in Sources */,
				1AE5401D202C25EC001B31BE /* CoreDataStack.m in Sources */,
				1AE5404D202C4DDC001B31BE /* RemoteDataHandler.m in Sources */,
				1AE54033202C2A13001B31BE /* DataHandler.m in Sources */,
				1AE54057202D4218001B31BE /* FetchUserListUserDetail.m in Sources */,
				1AE54015202C25EC001B31BE /* AddUserInteractor.m in Sources */,
				1AE54012202C25EC001B31BE /* AddUserPresenter.m in Sources */,
				1AE54016202C25EC001B31BE /* FetchUserPresenter.m in Sources */,
				1AE54017202C25EC001B31BE /* FetchUserWireframe.m in Sources */,
				1AE53FB1202C2598001B31BE /* ViewController.m in Sources */,
				1AE54021202C25EC001B31BE /* MyTableViewCell.m in Sources */,
				1AE53FAE202C2598001B31BE /* AppDelegate.m in Sources */,
				1AE54019202C25EC001B31BE /* FetchUserInteractor.m in Sources */,
				1AE5404A202C3D0A001B31BE /* AppUtils.m in Sources */,
				1AE5401F202C25EC001B31BE /* ObservableObject.m in Sources */,
				1AE5401C202C25EC001B31BE /* CoreDataStack_iOS10.m in Sources */,
				1AE53FBF202C2598001B31BE /* main.m in Sources */,
				1AE5402F202C29A6001B31BE /* User+CoreDataClass.m in Sources */,
				1AE53FB7202C2598001B31BE /* CoreDataHandlers.xcdatamodeld in Sources */,
				1AE54013202C25EC001B31BE /* AddUserWireframe.m in Sources */,
				1AE54054202C69DA001B31BE /* FetchUserDetail.m in Sources */,
				1AE54051202C61EB001B31BE /* NSObject_Extension.m in Sources */,
				1AE54020202C25EC001B31BE /* UserModel.m in Sources */,
				1AE5401B202C25EC001B31BE /* CoreDataStack_iOS9.m in Sources */,
				1AE5403F202C387F001B31BE /* RootPresenter.m in Sources */,
				1AE5401E202C25EC001B31BE /* LocalDataHandler.m in Sources */,
			);
			runOnlyForDeploymentPostprocessing = 0;
		};
		1AE53FC0202C2598001B31BE /* Sources */ = {
			isa = PBXSourcesBuildPhase;
			buildActionMask = 2147483647;
			files = (
				1AE53FC9202C2598001B31BE /* CoreDataHandlersTests.m in Sources */,
			);
			runOnlyForDeploymentPostprocessing = 0;
		};
		1AE53FCB202C2598001B31BE /* Sources */ = {
			isa = PBXSourcesBuildPhase;
			buildActionMask = 2147483647;
			files = (
				1AE53FD4202C2598001B31BE /* CoreDataHandlersUITests.m in Sources */,
			);
			runOnlyForDeploymentPostprocessing = 0;
		};
/* End PBXSourcesBuildPhase section */

/* Begin PBXTargetDependency section */
		1AE53FC6202C2598001B31BE /* PBXTargetDependency */ = {
			isa = PBXTargetDependency;
			target = 1AE53FA8202C2598001B31BE /* CoreDataHandlers */;
			targetProxy = 1AE53FC5202C2598001B31BE /* PBXContainerItemProxy */;
		};
		1AE53FD1202C2598001B31BE /* PBXTargetDependency */ = {
			isa = PBXTargetDependency;
			target = 1AE53FA8202C2598001B31BE /* CoreDataHandlers */;
			targetProxy = 1AE53FD0202C2598001B31BE /* PBXContainerItemProxy */;
		};
/* End PBXTargetDependency section */

/* Begin PBXVariantGroup section */
		1AE53FB2202C2598001B31BE /* Main.storyboard */ = {
			isa = PBXVariantGroup;
			children = (
				1AE53FB3202C2598001B31BE /* Base */,
			);
			name = Main.storyboard;
			sourceTree = "<group>";
		};
		1AE53FBA202C2598001B31BE /* LaunchScreen.storyboard */ = {
			isa = PBXVariantGroup;
			children = (
				1AE53FBB202C2598001B31BE /* Base */,
			);
			name = LaunchScreen.storyboard;
			sourceTree = "<group>";
		};
/* End PBXVariantGroup section */

/* Begin XCBuildConfiguration section */
		1AE53FD6202C2598001B31BE /* Debug */ = {
			isa = XCBuildConfiguration;
			buildSettings = {
				ALWAYS_SEARCH_USER_PATHS = NO;
				CLANG_ANALYZER_NONNULL = YES;
				CLANG_ANALYZER_NUMBER_OBJECT_CONVERSION = YES_AGGRESSIVE;
				CLANG_CXX_LANGUAGE_STANDARD = "gnu++14";
				CLANG_CXX_LIBRARY = "libc++";
				CLANG_ENABLE_MODULES = YES;
				CLANG_ENABLE_OBJC_ARC = YES;
				CLANG_WARN_BLOCK_CAPTURE_AUTORELEASING = YES;
				CLANG_WARN_BOOL_CONVERSION = YES;
				CLANG_WARN_COMMA = YES;
				CLANG_WARN_CONSTANT_CONVERSION = YES;
				CLANG_WARN_DIRECT_OBJC_ISA_USAGE = YES_ERROR;
				CLANG_WARN_DOCUMENTATION_COMMENTS = YES;
				CLANG_WARN_EMPTY_BODY = YES;
				CLANG_WARN_ENUM_CONVERSION = YES;
				CLANG_WARN_INFINITE_RECURSION = YES;
				CLANG_WARN_INT_CONVERSION = YES;
				CLANG_WARN_NON_LITERAL_NULL_CONVERSION = YES;
				CLANG_WARN_OBJC_LITERAL_CONVERSION = YES;
				CLANG_WARN_OBJC_ROOT_CLASS = YES_ERROR;
				CLANG_WARN_RANGE_LOOP_ANALYSIS = YES;
				CLANG_WARN_STRICT_PROTOTYPES = YES;
				CLANG_WARN_SUSPICIOUS_MOVE = YES;
				CLANG_WARN_UNGUARDED_AVAILABILITY = YES_AGGRESSIVE;
				CLANG_WARN_UNREACHABLE_CODE = YES;
				CLANG_WARN__DUPLICATE_METHOD_MATCH = YES;
				CODE_SIGN_IDENTITY = "iPhone Developer";
				COPY_PHASE_STRIP = NO;
				DEBUG_INFORMATION_FORMAT = dwarf;
				ENABLE_STRICT_OBJC_MSGSEND = YES;
				ENABLE_TESTABILITY = YES;
				GCC_C_LANGUAGE_STANDARD = gnu11;
				GCC_DYNAMIC_NO_PIC = NO;
				GCC_NO_COMMON_BLOCKS = YES;
				GCC_OPTIMIZATION_LEVEL = 0;
				GCC_PREPROCESSOR_DEFINITIONS = (
					"DEBUG=1",
					"$(inherited)",
				);
				GCC_WARN_64_TO_32_BIT_CONVERSION = YES;
				GCC_WARN_ABOUT_RETURN_TYPE = YES_ERROR;
				GCC_WARN_UNDECLARED_SELECTOR = YES;
				GCC_WARN_UNINITIALIZED_AUTOS = YES_AGGRESSIVE;
				GCC_WARN_UNUSED_FUNCTION = YES;
				GCC_WARN_UNUSED_VARIABLE = YES;
				IPHONEOS_DEPLOYMENT_TARGET = 11.2;
				MTL_ENABLE_DEBUG_INFO = YES;
				ONLY_ACTIVE_ARCH = YES;
				SDKROOT = iphoneos;
			};
			name = Debug;
		};
		1AE53FD7202C2598001B31BE /* Release */ = {
			isa = XCBuildConfiguration;
			buildSettings = {
				ALWAYS_SEARCH_USER_PATHS = NO;
				CLANG_ANALYZER_NONNULL = YES;
				CLANG_ANALYZER_NUMBER_OBJECT_CONVERSION = YES_AGGRESSIVE;
				CLANG_CXX_LANGUAGE_STANDARD = "gnu++14";
				CLANG_CXX_LIBRARY = "libc++";
				CLANG_ENABLE_MODULES = YES;
				CLANG_ENABLE_OBJC_ARC = YES;
				CLANG_WARN_BLOCK_CAPTURE_AUTORELEASING = YES;
				CLANG_WARN_BOOL_CONVERSION = YES;
				CLANG_WARN_COMMA = YES;
				CLANG_WARN_CONSTANT_CONVERSION = YES;
				CLANG_WARN_DIRECT_OBJC_ISA_USAGE = YES_ERROR;
				CLANG_WARN_DOCUMENTATION_COMMENTS = YES;
				CLANG_WARN_EMPTY_BODY = YES;
				CLANG_WARN_ENUM_CONVERSION = YES;
				CLANG_WARN_INFINITE_RECURSION = YES;
				CLANG_WARN_INT_CONVERSION = YES;
				CLANG_WARN_NON_LITERAL_NULL_CONVERSION = YES;
				CLANG_WARN_OBJC_LITERAL_CONVERSION = YES;
				CLANG_WARN_OBJC_ROOT_CLASS = YES_ERROR;
				CLANG_WARN_RANGE_LOOP_ANALYSIS = YES;
				CLANG_WARN_STRICT_PROTOTYPES = YES;
				CLANG_WARN_SUSPICIOUS_MOVE = YES;
				CLANG_WARN_UNGUARDED_AVAILABILITY = YES_AGGRESSIVE;
				CLANG_WARN_UNREACHABLE_CODE = YES;
				CLANG_WARN__DUPLICATE_METHOD_MATCH = YES;
				CODE_SIGN_IDENTITY = "iPhone Developer";
				COPY_PHASE_STRIP = NO;
				DEBUG_INFORMATION_FORMAT = "dwarf-with-dsym";
				ENABLE_NS_ASSERTIONS = NO;
				ENABLE_STRICT_OBJC_MSGSEND = YES;
				GCC_C_LANGUAGE_STANDARD = gnu11;
				GCC_NO_COMMON_BLOCKS = YES;
				GCC_WARN_64_TO_32_BIT_CONVERSION = YES;
				GCC_WARN_ABOUT_RETURN_TYPE = YES_ERROR;
				GCC_WARN_UNDECLARED_SELECTOR = YES;
				GCC_WARN_UNINITIALIZED_AUTOS = YES_AGGRESSIVE;
				GCC_WARN_UNUSED_FUNCTION = YES;
				GCC_WARN_UNUSED_VARIABLE = YES;
				IPHONEOS_DEPLOYMENT_TARGET = 11.2;
				MTL_ENABLE_DEBUG_INFO = NO;
				SDKROOT = iphoneos;
				VALIDATE_PRODUCT = YES;
			};
			name = Release;
		};
		1AE53FD9202C2598001B31BE /* Debug */ = {
			isa = XCBuildConfiguration;
			buildSettings = {
				ASSETCATALOG_COMPILER_APPICON_NAME = AppIcon;
				CODE_SIGN_STYLE = Automatic;
				DEVELOPMENT_TEAM = TX5SE2R2WN;
				INFOPLIST_FILE = CoreDataHandlers/Info.plist;
				IPHONEOS_DEPLOYMENT_TARGET = 9.0;
				LD_RUNPATH_SEARCH_PATHS = "$(inherited) @executable_path/Frameworks";
				PRODUCT_BUNDLE_IDENTIFIER = com.fsoft.cme.CoreDataHandlers;
				PRODUCT_NAME = "$(TARGET_NAME)";
				TARGETED_DEVICE_FAMILY = "1,2";
			};
			name = Debug;
		};
		1AE53FDA202C2598001B31BE /* Release */ = {
			isa = XCBuildConfiguration;
			buildSettings = {
				ASSETCATALOG_COMPILER_APPICON_NAME = AppIcon;
				CODE_SIGN_STYLE = Automatic;
				DEVELOPMENT_TEAM = TX5SE2R2WN;
				INFOPLIST_FILE = CoreDataHandlers/Info.plist;
				IPHONEOS_DEPLOYMENT_TARGET = 9.0;
				LD_RUNPATH_SEARCH_PATHS = "$(inherited) @executable_path/Frameworks";
				PRODUCT_BUNDLE_IDENTIFIER = com.fsoft.cme.CoreDataHandlers;
				PRODUCT_NAME = "$(TARGET_NAME)";
				TARGETED_DEVICE_FAMILY = "1,2";
			};
			name = Release;
		};
		1AE53FDC202C2598001B31BE /* Debug */ = {
			isa = XCBuildConfiguration;
			buildSettings = {
				BUNDLE_LOADER = "$(TEST_HOST)";
				CODE_SIGN_STYLE = Automatic;
				DEVELOPMENT_TEAM = TX5SE2R2WN;
				INFOPLIST_FILE = CoreDataHandlersTests/Info.plist;
				LD_RUNPATH_SEARCH_PATHS = "$(inherited) @executable_path/Frameworks @loader_path/Frameworks";
				PRODUCT_BUNDLE_IDENTIFIER = com.fsoft.cme.CoreDataHandlersTests;
				PRODUCT_NAME = "$(TARGET_NAME)";
				TARGETED_DEVICE_FAMILY = "1,2";
				TEST_HOST = "$(BUILT_PRODUCTS_DIR)/CoreDataHandlers.app/CoreDataHandlers";
			};
			name = Debug;
		};
		1AE53FDD202C2598001B31BE /* Release */ = {
			isa = XCBuildConfiguration;
			buildSettings = {
				BUNDLE_LOADER = "$(TEST_HOST)";
				CODE_SIGN_STYLE = Automatic;
				DEVELOPMENT_TEAM = TX5SE2R2WN;
				INFOPLIST_FILE = CoreDataHandlersTests/Info.plist;
				LD_RUNPATH_SEARCH_PATHS = "$(inherited) @executable_path/Frameworks @loader_path/Frameworks";
				PRODUCT_BUNDLE_IDENTIFIER = com.fsoft.cme.CoreDataHandlersTests;
				PRODUCT_NAME = "$(TARGET_NAME)";
				TARGETED_DEVICE_FAMILY = "1,2";
				TEST_HOST = "$(BUILT_PRODUCTS_DIR)/CoreDataHandlers.app/CoreDataHandlers";
			};
			name = Release;
		};
		1AE53FDF202C2598001B31BE /* Debug */ = {
			isa = XCBuildConfiguration;
			buildSettings = {
				CODE_SIGN_STYLE = Automatic;
				DEVELOPMENT_TEAM = TX5SE2R2WN;
				INFOPLIST_FILE = CoreDataHandlersUITests/Info.plist;
				LD_RUNPATH_SEARCH_PATHS = "$(inherited) @executable_path/Frameworks @loader_path/Frameworks";
				PRODUCT_BUNDLE_IDENTIFIER = com.fsoft.cme.CoreDataHandlersUITests;
				PRODUCT_NAME = "$(TARGET_NAME)";
				TARGETED_DEVICE_FAMILY = "1,2";
				TEST_TARGET_NAME = CoreDataHandlers;
			};
			name = Debug;
		};
		1AE53FE0202C2598001B31BE /* Release */ = {
			isa = XCBuildConfiguration;
			buildSettings = {
				CODE_SIGN_STYLE = Automatic;
				DEVELOPMENT_TEAM = TX5SE2R2WN;
				INFOPLIST_FILE = CoreDataHandlersUITests/Info.plist;
				LD_RUNPATH_SEARCH_PATHS = "$(inherited) @executable_path/Frameworks @loader_path/Frameworks";
				PRODUCT_BUNDLE_IDENTIFIER = com.fsoft.cme.CoreDataHandlersUITests;
				PRODUCT_NAME = "$(TARGET_NAME)";
				TARGETED_DEVICE_FAMILY = "1,2";
				TEST_TARGET_NAME = CoreDataHandlers;
			};
			name = Release;
		};
/* End XCBuildConfiguration section */

/* Begin XCConfigurationList section */
		1AE53FA4202C2598001B31BE /* Build configuration list for PBXProject "CoreDataHandlers" */ = {
			isa = XCConfigurationList;
			buildConfigurations = (
				1AE53FD6202C2598001B31BE /* Debug */,
				1AE53FD7202C2598001B31BE /* Release */,
			);
			defaultConfigurationIsVisible = 0;
			defaultConfigurationName = Release;
		};
		1AE53FD8202C2598001B31BE /* Build configuration list for PBXNativeTarget "CoreDataHandlers" */ = {
			isa = XCConfigurationList;
			buildConfigurations = (
				1AE53FD9202C2598001B31BE /* Debug */,
				1AE53FDA202C2598001B31BE /* Release */,
			);
			defaultConfigurationIsVisible = 0;
			defaultConfigurationName = Release;
		};
		1AE53FDB202C2598001B31BE /* Build configuration list for PBXNativeTarget "CoreDataHandlersTests" */ = {
			isa = XCConfigurationList;
			buildConfigurations = (
				1AE53FDC202C2598001B31BE /* Debug */,
				1AE53FDD202C2598001B31BE /* Release */,
			);
			defaultConfigurationIsVisible = 0;
			defaultConfigurationName = Release;
		};
		1AE53FDE202C2598001B31BE /* Build configuration list for PBXNativeTarget "CoreDataHandlersUITests" */ = {
			isa = XCConfigurationList;
			buildConfigurations = (
				1AE53FDF202C2598001B31BE /* Debug */,
				1AE53FE0202C2598001B31BE /* Release */,
			);
			defaultConfigurationIsVisible = 0;
			defaultConfigurationName = Release;
		};
/* End XCConfigurationList section */

/* Begin XCVersionGroup section */
		1AE53FB5202C2598001B31BE /* CoreDataHandlers.xcdatamodeld */ = {
			isa = XCVersionGroup;
			children = (
				1AE53FB6202C2598001B31BE /* CoreDataHandlers.xcdatamodel */,
			);
			currentVersion = 1AE53FB6202C2598001B31BE /* CoreDataHandlers.xcdatamodel */;
			path = CoreDataHandlers.xcdatamodeld;
			sourceTree = "<group>";
			versionGroupType = wrapper.xcdatamodel;
		};
/* End XCVersionGroup section */
	};
	rootObject = 1AE53FA1202C2598001B31BE /* Project object */;
}
